
Microsoft Visual Studio Solution File, Format Version 12.00
# Visual Studio Version 17
VisualStudioVersion = 17.3.32922.545
MinimumVisualStudioVersion = 10.0.40219.1
Project("{9A19103F-16F7-4668-BE54-9A1E7A4F7556}") = "DigrumSchool", "DigrumSchool\DigrumSchool.csproj", "{834A028E-625B-460E-89B3-797D36DB8E7E}"
EndProject
Project("{FAE04EC0-301F-11D3-BF4B-00C04F79EFBC}") = "DigrumSchool.Tests", "DigrumSchool.Tests\DigrumSchool.Tests.csproj", "{1CF5C646-63CE-405C-B790-F8F71C33EADF}"
EndProject
Global
	GlobalSection(SolutionConfigurationPlatforms) = preSolution
		Debug|Any CPU = Debug|Any CPU
		Release|Any CPU = Release|Any CPU
	EndGlobalSection
	GlobalSection(ProjectConfigurationPlatforms) = postSolution
		{834A028E-625B-460E-89B3-797D36DB8E7E}.Debug|Any CPU.ActiveCfg = Debug|Any CPU
		{834A028E-625B-460E-89B3-797D36DB8E7E}.Debug|Any CPU.Build.0 = Debug|Any CPU
		{834A028E-625B-460E-89B3-797D36DB8E7E}.Release|Any CPU.ActiveCfg = Release|Any CPU
		{834A028E-625B-460E-89B3-797D36DB8E7E}.Release|Any CPU.Build.0 = Release|Any CPU
		{1CF5C646-63CE-405C-B790-F8F71C33EADF}.Debug|Any CPU.ActiveCfg = Debug|Any CPU
		{1CF5C646-63CE-405C-B790-F8F71C33EADF}.Debug|Any CPU.Build.0 = Debug|Any CPU
		{1CF5C646-63CE-405C-B790-F8F71C33EADF}.Release|Any CPU.ActiveCfg = Release|Any CPU
		{1CF5C646-63CE-405C-B790-F8F71C33EADF}.Release|Any CPU.Build.0 = Release|Any CPU
	EndGlobalSection
	GlobalSection(SolutionProperties) = preSolution
		HideSolutionNode = FALSE
	EndGlobalSection
	GlobalSection(ExtensibilityGlobals) = postSolution
		SolutionGuid = {186D8781-E1E0-40C0-9499-E3E1F308153A}
	EndGlobalSection
EndGlobal
